
Microsoft Visual Studio Solution File, Format Version 12.00
# Visual Studio Version 16
VisualStudioVersion = 16.0.29920.165
MinimumVisualStudioVersion = 10.0.40219.1
Project("{FAE04EC0-301F-11D3-BF4B-00C04F79EFBC}") = "File_FileInfo", "ConsoleApp1\File_FileInfo.csproj", "{B4B010F9-5140-4F31-9586-55FEDF390FC7}"
EndProject
Project("{FAE04EC0-301F-11D3-BF4B-00C04F79EFBC}") = "FileStream_StreamReader", "FileStream_StreamReader\FileStream_StreamReader.csproj", "{46C45513-CB4A-41FD-9E07-454E603431B1}"
EndProject
Project("{FAE04EC0-301F-11D3-BF4B-00C04F79EFBC}") = "UsingBlock", "UsingBlock\UsingBlock.csproj", "{9181708F-70E2-4CAD-94CE-C3604EBDAFA3}"
EndProject
Project("{FAE04EC0-301F-11D3-BF4B-00C04F79EFBC}") = "StreamWriter_Example", "StreamWriter\StreamWriter_Example.csproj", "{40891279-49B5-41E5-B107-2C336B538B5F}"
EndProject
Project("{FAE04EC0-301F-11D3-BF4B-00C04F79EFBC}") = "Directory_DirectoryInfo", "Directory_DirectoryInfo\Directory_DirectoryInfo.csproj", "{62FA17B4-5111-44A7-A699-0E79023F95FE}"
EndProject
Project("{FAE04EC0-301F-11D3-BF4B-00C04F79EFBC}") = "Path_Example", "Path\Path_Example.csproj", "{A874AE56-1A83-406D-A451-BFCA1D6EFBB8}"
EndProject
Project("{FAE04EC0-301F-11D3-BF4B-00C04F79EFBC}") = "ProposedExercise_Archives", "ProposedExercise_Archives\ProposedExercise_Archives.csproj", "{C23EE3D7-499B-4A14-A46A-F01009134730}"
EndProject
Global
	GlobalSection(SolutionConfigurationPlatforms) = preSolution
		Debug|Any CPU = Debug|Any CPU
		Release|Any CPU = Release|Any CPU
	EndGlobalSection
	GlobalSection(ProjectConfigurationPlatforms) = postSolution
		{B4B010F9-5140-4F31-9586-55FEDF390FC7}.Debug|Any CPU.ActiveCfg = Debug|Any CPU
		{B4B010F9-5140-4F31-9586-55FEDF390FC7}.Debug|Any CPU.Build.0 = Debug|Any CPU
		{B4B010F9-5140-4F31-9586-55FEDF390FC7}.Release|Any CPU.ActiveCfg = Release|Any CPU
		{B4B010F9-5140-4F31-9586-55FEDF390FC7}.Release|Any CPU.Build.0 = Release|Any CPU
		{46C45513-CB4A-41FD-9E07-454E603431B1}.Debug|Any CPU.ActiveCfg = Debug|Any CPU
		{46C45513-CB4A-41FD-9E07-454E603431B1}.Debug|Any CPU.Build.0 = Debug|Any CPU
		{46C45513-CB4A-41FD-9E07-454E603431B1}.Release|Any CPU.ActiveCfg = Release|Any CPU
		{46C45513-CB4A-41FD-9E07-454E603431B1}.Release|Any CPU.Build.0 = Release|Any CPU
		{9181708F-70E2-4CAD-94CE-C3604EBDAFA3}.Debug|Any CPU.ActiveCfg = Debug|Any CPU
		{9181708F-70E2-4CAD-94CE-C3604EBDAFA3}.Debug|Any CPU.Build.0 = Debug|Any CPU
		{9181708F-70E2-4CAD-94CE-C3604EBDAFA3}.Release|Any CPU.ActiveCfg = Release|Any CPU
		{9181708F-70E2-4CAD-94CE-C3604EBDAFA3}.Release|Any CPU.Build.0 = Release|Any CPU
		{40891279-49B5-41E5-B107-2C336B538B5F}.Debug|Any CPU.ActiveCfg = Debug|Any CPU
		{40891279-49B5-41E5-B107-2C336B538B5F}.Debug|Any CPU.Build.0 = Debug|Any CPU
		{40891279-49B5-41E5-B107-2C336B538B5F}.Release|Any CPU.ActiveCfg = Release|Any CPU
		{40891279-49B5-41E5-B107-2C336B538B5F}.Release|Any CPU.Build.0 = Release|Any CPU
		{62FA17B4-5111-44A7-A699-0E79023F95FE}.Debug|Any CPU.ActiveCfg = Debug|Any CPU
		{62FA17B4-5111-44A7-A699-0E79023F95FE}.Debug|Any CPU.Build.0 = Debug|Any CPU
		{62FA17B4-5111-44A7-A699-0E79023F95FE}.Release|Any CPU.ActiveCfg = Release|Any CPU
		{62FA17B4-5111-44A7-A699-0E79023F95FE}.Release|Any CPU.Build.0 = Release|Any CPU
		{A874AE56-1A83-406D-A451-BFCA1D6EFBB8}.Debug|Any CPU.ActiveCfg = Debug|Any CPU
		{A874AE56-1A83-406D-A451-BFCA1D6EFBB8}.Debug|Any CPU.Build.0 = Debug|Any CPU
		{A874AE56-1A83-406D-A451-BFCA1D6EFBB8}.Release|Any CPU.ActiveCfg = Release|Any CPU
		{A874AE56-1A83-406D-A451-BFCA1D6EFBB8}.Release|Any CPU.Build.0 = Release|Any CPU
		{C23EE3D7-499B-4A14-A46A-F01009134730}.Debug|Any CPU.ActiveCfg = Debug|Any CPU
		{C23EE3D7-499B-4A14-A46A-F01009134730}.Debug|Any CPU.Build.0 = Debug|Any CPU
		{C23EE3D7-499B-4A14-A46A-F01009134730}.Release|Any CPU.ActiveCfg = Release|Any CPU
		{C23EE3D7-499B-4A14-A46A-F01009134730}.Release|Any CPU.Build.0 = Release|Any CPU
	EndGlobalSection
	GlobalSection(SolutionProperties) = preSolution
		HideSolutionNode = FALSE
	EndGlobalSection
	GlobalSection(ExtensibilityGlobals) = postSolution
		SolutionGuid = {9843950F-2484-4B16-A63B-44B4E6C3AD94}
	EndGlobalSection
EndGlobal
