
Microsoft Visual Studio Solution File, Format Version 12.00
# Visual Studio Version 16
VisualStudioVersion = 16.0.29806.167
MinimumVisualStudioVersion = 10.0.40219.1
Project("{FAE04EC0-301F-11D3-BF4B-00C04F79EFBC}") = "Nullable", "Nullable\Nullable.csproj", "{4430F2BD-747A-43FA-B181-609637057813}"
EndProject
Project("{FAE04EC0-301F-11D3-BF4B-00C04F79EFBC}") = "ExampleVectors", "ExampleVectors\ExampleVectors.csproj", "{1FC015B5-E948-492C-896B-0378BD8ADB17}"
EndProject
Project("{FAE04EC0-301F-11D3-BF4B-00C04F79EFBC}") = "ProposedExercise_Vectors", "ProposedExercise_Vectors\ProposedExercise_Vectors.csproj", "{9C4AF4C9-7149-41E9-813F-FEE529E5A01F}"
EndProject
Project("{FAE04EC0-301F-11D3-BF4B-00C04F79EFBC}") = "Params_Example", "Params_Example\Params_Example.csproj", "{AC55A5EB-2F6F-4815-85D8-3E85A9DBD269}"
EndProject
Project("{FAE04EC0-301F-11D3-BF4B-00C04F79EFBC}") = "Ref_Out", "Ref_Out\Ref_Out.csproj", "{3B172181-E9BE-4EBB-8F85-8E302BF832A9}"
EndProject
Project("{FAE04EC0-301F-11D3-BF4B-00C04F79EFBC}") = "Foreach_Example", "Foreach_Example\Foreach_Example.csproj", "{21516D58-7E66-4671-8BED-011F7D637A3E}"
EndProject
Project("{FAE04EC0-301F-11D3-BF4B-00C04F79EFBC}") = "Example_Lists_AddInsert", "Example_Lists_AddInsert\Example_Lists_AddInsert.csproj", "{A3F3CA73-38CB-43AF-BBC7-DC27E5342742}"
EndProject
Project("{FAE04EC0-301F-11D3-BF4B-00C04F79EFBC}") = "ProposedExercise_Lists", "ProposedExercise_Lists\ProposedExercise_Lists.csproj", "{4559E5EB-C008-46B3-9908-B7139139CD28}"
EndProject
Project("{FAE04EC0-301F-11D3-BF4B-00C04F79EFBC}") = "Matriz_ExerciseExample", "Matriz_ExerciseExample\Matriz_ExerciseExample.csproj", "{CDE890C9-A942-4AE5-A090-A1E67B944AAD}"
EndProject
Project("{FAE04EC0-301F-11D3-BF4B-00C04F79EFBC}") = "Matriz_ProposedExercise", "Matriz_ProposedExercise\Matriz_ProposedExercise.csproj", "{CBC61BD5-A1DD-44A7-82AE-F5BD8EB55AB7}"
EndProject
Project("{FAE04EC0-301F-11D3-BF4B-00C04F79EFBC}") = "Conjuntos_HashSet", "Conjuntos_HashSet\Conjuntos_HashSet.csproj", "{5C1A9885-F0CD-44A0-BB51-8F9343E2EFB9}"
EndProject
Global
	GlobalSection(SolutionConfigurationPlatforms) = preSolution
		Debug|Any CPU = Debug|Any CPU
		Release|Any CPU = Release|Any CPU
	EndGlobalSection
	GlobalSection(ProjectConfigurationPlatforms) = postSolution
		{4430F2BD-747A-43FA-B181-609637057813}.Debug|Any CPU.ActiveCfg = Debug|Any CPU
		{4430F2BD-747A-43FA-B181-609637057813}.Debug|Any CPU.Build.0 = Debug|Any CPU
		{4430F2BD-747A-43FA-B181-609637057813}.Release|Any CPU.ActiveCfg = Release|Any CPU
		{4430F2BD-747A-43FA-B181-609637057813}.Release|Any CPU.Build.0 = Release|Any CPU
		{1FC015B5-E948-492C-896B-0378BD8ADB17}.Debug|Any CPU.ActiveCfg = Debug|Any CPU
		{1FC015B5-E948-492C-896B-0378BD8ADB17}.Debug|Any CPU.Build.0 = Debug|Any CPU
		{1FC015B5-E948-492C-896B-0378BD8ADB17}.Release|Any CPU.ActiveCfg = Release|Any CPU
		{1FC015B5-E948-492C-896B-0378BD8ADB17}.Release|Any CPU.Build.0 = Release|Any CPU
		{9C4AF4C9-7149-41E9-813F-FEE529E5A01F}.Debug|Any CPU.ActiveCfg = Debug|Any CPU
		{9C4AF4C9-7149-41E9-813F-FEE529E5A01F}.Debug|Any CPU.Build.0 = Debug|Any CPU
		{9C4AF4C9-7149-41E9-813F-FEE529E5A01F}.Release|Any CPU.ActiveCfg = Release|Any CPU
		{9C4AF4C9-7149-41E9-813F-FEE529E5A01F}.Release|Any CPU.Build.0 = Release|Any CPU
		{AC55A5EB-2F6F-4815-85D8-3E85A9DBD269}.Debug|Any CPU.ActiveCfg = Debug|Any CPU
		{AC55A5EB-2F6F-4815-85D8-3E85A9DBD269}.Debug|Any CPU.Build.0 = Debug|Any CPU
		{AC55A5EB-2F6F-4815-85D8-3E85A9DBD269}.Release|Any CPU.ActiveCfg = Release|Any CPU
		{AC55A5EB-2F6F-4815-85D8-3E85A9DBD269}.Release|Any CPU.Build.0 = Release|Any CPU
		{3B172181-E9BE-4EBB-8F85-8E302BF832A9}.Debug|Any CPU.ActiveCfg = Debug|Any CPU
		{3B172181-E9BE-4EBB-8F85-8E302BF832A9}.Debug|Any CPU.Build.0 = Debug|Any CPU
		{3B172181-E9BE-4EBB-8F85-8E302BF832A9}.Release|Any CPU.ActiveCfg = Release|Any CPU
		{3B172181-E9BE-4EBB-8F85-8E302BF832A9}.Release|Any CPU.Build.0 = Release|Any CPU
		{21516D58-7E66-4671-8BED-011F7D637A3E}.Debug|Any CPU.ActiveCfg = Debug|Any CPU
		{21516D58-7E66-4671-8BED-011F7D637A3E}.Debug|Any CPU.Build.0 = Debug|Any CPU
		{21516D58-7E66-4671-8BED-011F7D637A3E}.Release|Any CPU.ActiveCfg = Release|Any CPU
		{21516D58-7E66-4671-8BED-011F7D637A3E}.Release|Any CPU.Build.0 = Release|Any CPU
		{A3F3CA73-38CB-43AF-BBC7-DC27E5342742}.Debug|Any CPU.ActiveCfg = Debug|Any CPU
		{A3F3CA73-38CB-43AF-BBC7-DC27E5342742}.Debug|Any CPU.Build.0 = Debug|Any CPU
		{A3F3CA73-38CB-43AF-BBC7-DC27E5342742}.Release|Any CPU.ActiveCfg = Release|Any CPU
		{A3F3CA73-38CB-43AF-BBC7-DC27E5342742}.Release|Any CPU.Build.0 = Release|Any CPU
		{4559E5EB-C008-46B3-9908-B7139139CD28}.Debug|Any CPU.ActiveCfg = Debug|Any CPU
		{4559E5EB-C008-46B3-9908-B7139139CD28}.Debug|Any CPU.Build.0 = Debug|Any CPU
		{4559E5EB-C008-46B3-9908-B7139139CD28}.Release|Any CPU.ActiveCfg = Release|Any CPU
		{4559E5EB-C008-46B3-9908-B7139139CD28}.Release|Any CPU.Build.0 = Release|Any CPU
		{CDE890C9-A942-4AE5-A090-A1E67B944AAD}.Debug|Any CPU.ActiveCfg = Debug|Any CPU
		{CDE890C9-A942-4AE5-A090-A1E67B944AAD}.Debug|Any CPU.Build.0 = Debug|Any CPU
		{CDE890C9-A942-4AE5-A090-A1E67B944AAD}.Release|Any CPU.ActiveCfg = Release|Any CPU
		{CDE890C9-A942-4AE5-A090-A1E67B944AAD}.Release|Any CPU.Build.0 = Release|Any CPU
		{CBC61BD5-A1DD-44A7-82AE-F5BD8EB55AB7}.Debug|Any CPU.ActiveCfg = Debug|Any CPU
		{CBC61BD5-A1DD-44A7-82AE-F5BD8EB55AB7}.Debug|Any CPU.Build.0 = Debug|Any CPU
		{CBC61BD5-A1DD-44A7-82AE-F5BD8EB55AB7}.Release|Any CPU.ActiveCfg = Release|Any CPU
		{CBC61BD5-A1DD-44A7-82AE-F5BD8EB55AB7}.Release|Any CPU.Build.0 = Release|Any CPU
		{5C1A9885-F0CD-44A0-BB51-8F9343E2EFB9}.Debug|Any CPU.ActiveCfg = Debug|Any CPU
		{5C1A9885-F0CD-44A0-BB51-8F9343E2EFB9}.Debug|Any CPU.Build.0 = Debug|Any CPU
		{5C1A9885-F0CD-44A0-BB51-8F9343E2EFB9}.Release|Any CPU.ActiveCfg = Release|Any CPU
		{5C1A9885-F0CD-44A0-BB51-8F9343E2EFB9}.Release|Any CPU.Build.0 = Release|Any CPU
	EndGlobalSection
	GlobalSection(SolutionProperties) = preSolution
		HideSolutionNode = FALSE
	EndGlobalSection
	GlobalSection(ExtensibilityGlobals) = postSolution
		SolutionGuid = {CBA7C82A-99AE-4269-87B5-301FA147D798}
	EndGlobalSection
EndGlobal
