
Microsoft Visual Studio Solution File, Format Version 12.00
# Visual Studio Version 16
VisualStudioVersion = 16.0.29806.167
MinimumVisualStudioVersion = 10.0.40219.1
Project("{FAE04EC0-301F-11D3-BF4B-00C04F79EFBC}") = "Example_Exception", "Example_Exception\Example_Exception.csproj", "{6BF81C0C-D66A-4D9B-BE00-8957AC74DD05}"
EndProject
Project("{FAE04EC0-301F-11D3-BF4B-00C04F79EFBC}") = "Example_Exception_Finally", "Example_Exception_Finally\Example_Exception_Finally.csproj", "{26882D6C-B127-44C0-9453-66A29B214544}"
EndProject
Project("{FAE04EC0-301F-11D3-BF4B-00C04F79EFBC}") = "ExerciseExample_Exceptions", "ExerciseExample_Exceptions\ExerciseExample_Exceptions.csproj", "{FF1520A3-C16A-4C31-8DC3-A5C9353B7855}"
EndProject
Project("{FAE04EC0-301F-11D3-BF4B-00C04F79EFBC}") = "ProposedExercise_Exceptions", "ProposedExercise_Exceptions\ProposedExercise_Exceptions.csproj", "{DAA987FA-58FE-42BE-8993-B448A7822F91}"
EndProject
Global
	GlobalSection(SolutionConfigurationPlatforms) = preSolution
		Debug|Any CPU = Debug|Any CPU
		Release|Any CPU = Release|Any CPU
	EndGlobalSection
	GlobalSection(ProjectConfigurationPlatforms) = postSolution
		{6BF81C0C-D66A-4D9B-BE00-8957AC74DD05}.Debug|Any CPU.ActiveCfg = Debug|Any CPU
		{6BF81C0C-D66A-4D9B-BE00-8957AC74DD05}.Debug|Any CPU.Build.0 = Debug|Any CPU
		{6BF81C0C-D66A-4D9B-BE00-8957AC74DD05}.Release|Any CPU.ActiveCfg = Release|Any CPU
		{6BF81C0C-D66A-4D9B-BE00-8957AC74DD05}.Release|Any CPU.Build.0 = Release|Any CPU
		{26882D6C-B127-44C0-9453-66A29B214544}.Debug|Any CPU.ActiveCfg = Debug|Any CPU
		{26882D6C-B127-44C0-9453-66A29B214544}.Debug|Any CPU.Build.0 = Debug|Any CPU
		{26882D6C-B127-44C0-9453-66A29B214544}.Release|Any CPU.ActiveCfg = Release|Any CPU
		{26882D6C-B127-44C0-9453-66A29B214544}.Release|Any CPU.Build.0 = Release|Any CPU
		{FF1520A3-C16A-4C31-8DC3-A5C9353B7855}.Debug|Any CPU.ActiveCfg = Debug|Any CPU
		{FF1520A3-C16A-4C31-8DC3-A5C9353B7855}.Debug|Any CPU.Build.0 = Debug|Any CPU
		{FF1520A3-C16A-4C31-8DC3-A5C9353B7855}.Release|Any CPU.ActiveCfg = Release|Any CPU
		{FF1520A3-C16A-4C31-8DC3-A5C9353B7855}.Release|Any CPU.Build.0 = Release|Any CPU
		{DAA987FA-58FE-42BE-8993-B448A7822F91}.Debug|Any CPU.ActiveCfg = Debug|Any CPU
		{DAA987FA-58FE-42BE-8993-B448A7822F91}.Debug|Any CPU.Build.0 = Debug|Any CPU
		{DAA987FA-58FE-42BE-8993-B448A7822F91}.Release|Any CPU.ActiveCfg = Release|Any CPU
		{DAA987FA-58FE-42BE-8993-B448A7822F91}.Release|Any CPU.Build.0 = Release|Any CPU
	EndGlobalSection
	GlobalSection(SolutionProperties) = preSolution
		HideSolutionNode = FALSE
	EndGlobalSection
	GlobalSection(ExtensibilityGlobals) = postSolution
		SolutionGuid = {DF24222F-77FF-4302-AE32-97EF8DC7340C}
	EndGlobalSection
EndGlobal
