
Microsoft Visual Studio Solution File, Format Version 12.00
# Visual Studio Version 16
VisualStudioVersion = 16.0.29806.167
MinimumVisualStudioVersion = 10.0.40219.1
Project("{FAE04EC0-301F-11D3-BF4B-00C04F79EFBC}") = "Enums_Example", "Enums_Example\Enums_Example.csproj", "{1EF325FC-AA04-44EE-8728-24A9376AB4F3}"
EndProject
Project("{FAE04EC0-301F-11D3-BF4B-00C04F79EFBC}") = "Composition", "Composition\Composition.csproj", "{C648159D-218D-463C-B955-EAC9B4278BAB}"
EndProject
Project("{FAE04EC0-301F-11D3-BF4B-00C04F79EFBC}") = "StringBuilder_EnumsComposition", "StringBuilder_EnumsComposition\StringBuilder_EnumsComposition.csproj", "{32EE52E3-1B4E-40CB-A690-B65A160B2BEB}"
EndProject
Project("{FAE04EC0-301F-11D3-BF4B-00C04F79EFBC}") = "ProposedExercise_EnumsComposition", "ProposedExercise_EnumsComposition\ProposedExercise_EnumsComposition.csproj", "{21AA78D9-D1A7-49DD-A89D-B6F3C745BEA3}"
EndProject
Global
	GlobalSection(SolutionConfigurationPlatforms) = preSolution
		Debug|Any CPU = Debug|Any CPU
		Release|Any CPU = Release|Any CPU
	EndGlobalSection
	GlobalSection(ProjectConfigurationPlatforms) = postSolution
		{1EF325FC-AA04-44EE-8728-24A9376AB4F3}.Debug|Any CPU.ActiveCfg = Debug|Any CPU
		{1EF325FC-AA04-44EE-8728-24A9376AB4F3}.Debug|Any CPU.Build.0 = Debug|Any CPU
		{1EF325FC-AA04-44EE-8728-24A9376AB4F3}.Release|Any CPU.ActiveCfg = Release|Any CPU
		{1EF325FC-AA04-44EE-8728-24A9376AB4F3}.Release|Any CPU.Build.0 = Release|Any CPU
		{C648159D-218D-463C-B955-EAC9B4278BAB}.Debug|Any CPU.ActiveCfg = Debug|Any CPU
		{C648159D-218D-463C-B955-EAC9B4278BAB}.Debug|Any CPU.Build.0 = Debug|Any CPU
		{C648159D-218D-463C-B955-EAC9B4278BAB}.Release|Any CPU.ActiveCfg = Release|Any CPU
		{C648159D-218D-463C-B955-EAC9B4278BAB}.Release|Any CPU.Build.0 = Release|Any CPU
		{32EE52E3-1B4E-40CB-A690-B65A160B2BEB}.Debug|Any CPU.ActiveCfg = Debug|Any CPU
		{32EE52E3-1B4E-40CB-A690-B65A160B2BEB}.Debug|Any CPU.Build.0 = Debug|Any CPU
		{32EE52E3-1B4E-40CB-A690-B65A160B2BEB}.Release|Any CPU.ActiveCfg = Release|Any CPU
		{32EE52E3-1B4E-40CB-A690-B65A160B2BEB}.Release|Any CPU.Build.0 = Release|Any CPU
		{21AA78D9-D1A7-49DD-A89D-B6F3C745BEA3}.Debug|Any CPU.ActiveCfg = Debug|Any CPU
		{21AA78D9-D1A7-49DD-A89D-B6F3C745BEA3}.Debug|Any CPU.Build.0 = Debug|Any CPU
		{21AA78D9-D1A7-49DD-A89D-B6F3C745BEA3}.Release|Any CPU.ActiveCfg = Release|Any CPU
		{21AA78D9-D1A7-49DD-A89D-B6F3C745BEA3}.Release|Any CPU.Build.0 = Release|Any CPU
	EndGlobalSection
	GlobalSection(SolutionProperties) = preSolution
		HideSolutionNode = FALSE
	EndGlobalSection
	GlobalSection(ExtensibilityGlobals) = postSolution
		SolutionGuid = {A7D10621-233B-4E36-BCFB-0C08F82AEEE4}
	EndGlobalSection
EndGlobal
