
Microsoft Visual Studio Solution File, Format Version 12.00
# Visual Studio Version 16
VisualStudioVersion = 16.0.29806.167
MinimumVisualStudioVersion = 10.0.40219.1
Project("{FAE04EC0-301F-11D3-BF4B-00C04F79EFBC}") = "Ex1_Part1", "Ex1_Part1\Ex1_Part1.csproj", "{79D73F01-01EB-42D8-965D-01722FB40EC7}"
EndProject
Project("{FAE04EC0-301F-11D3-BF4B-00C04F79EFBC}") = "Ex2_Part1", "Ex2_Part1\Ex2_Part1.csproj", "{2EADAEE0-BC75-43B5-AD66-7353542EE45B}"
EndProject
Project("{FAE04EC0-301F-11D3-BF4B-00C04F79EFBC}") = "Ex3_Part1", "Ex3_Part1\Ex3_Part1.csproj", "{DAE12C09-A3C0-4352-A677-5C61AA87AC2F}"
EndProject
Project("{FAE04EC0-301F-11D3-BF4B-00C04F79EFBC}") = "Ex4_Part1", "Ex4_Part1\Ex4_Part1.csproj", "{2EB6293D-E5BE-493A-A0DD-AE6CD36DE06A}"
EndProject
Project("{FAE04EC0-301F-11D3-BF4B-00C04F79EFBC}") = "Ex5_Part1", "Ex5_Part1\Ex5_Part1.csproj", "{C6F3469C-1E85-4040-B1E7-D1FAFA98F055}"
EndProject
Project("{FAE04EC0-301F-11D3-BF4B-00C04F79EFBC}") = "Ex6_Part1", "Ex6_Part1\Ex6_Part1.csproj", "{93A019C9-C07B-4375-96F7-B067AEF7B5D3}"
EndProject
Project("{FAE04EC0-301F-11D3-BF4B-00C04F79EFBC}") = "Ex1_Part2", "Ex1_Part2\Ex1_Part2.csproj", "{EA7545D6-4C8A-44C1-A940-F2C19031432F}"
EndProject
Project("{FAE04EC0-301F-11D3-BF4B-00C04F79EFBC}") = "Ex2_Part2", "Ex2_Part2\Ex2_Part2.csproj", "{1F5AA19E-9A79-43E1-A8DC-5B56E8775C44}"
EndProject
Project("{FAE04EC0-301F-11D3-BF4B-00C04F79EFBC}") = "Ex1_Part3", "Ex1_Part3\Ex1_Part3.csproj", "{6619DC07-0057-4038-86B0-ACED478C2094}"
EndProject
Project("{FAE04EC0-301F-11D3-BF4B-00C04F79EFBC}") = "Ex2_Part3", "Ex2_Part3\Ex2_Part3.csproj", "{9CDA402E-4F2E-4469-8FD4-02B69033F9EA}"
EndProject
Project("{FAE04EC0-301F-11D3-BF4B-00C04F79EFBC}") = "Ex3_Part3", "Ex3_Part3\Ex3_Part3.csproj", "{9AF8E89A-0DD6-45ED-880E-C0975D9060C0}"
EndProject
Project("{FAE04EC0-301F-11D3-BF4B-00C04F79EFBC}") = "Ex1_Part4", "Ex1_Part4\Ex1_Part4.csproj", "{9B04D67A-F039-41D7-ADB3-4C60F3BF965C}"
EndProject
Project("{FAE04EC0-301F-11D3-BF4B-00C04F79EFBC}") = "Ex2_Part4", "Ex2_Part4\Ex2_Part4.csproj", "{28FE2A55-268A-4FC5-B652-E1693949D976}"
EndProject
Project("{FAE04EC0-301F-11D3-BF4B-00C04F79EFBC}") = "Ex3_Part4", "Ex3_Part4\Ex3_Part4.csproj", "{904E4951-BF26-4FFB-B0AD-FC09B36E2D36}"
EndProject
Project("{FAE04EC0-301F-11D3-BF4B-00C04F79EFBC}") = "Ex4_Part4", "Ex4_Part4\Ex4_Part4.csproj", "{0D0782C6-9D86-45AA-8F1B-0C4077A7AF63}"
EndProject
Global
	GlobalSection(SolutionConfigurationPlatforms) = preSolution
		Debug|Any CPU = Debug|Any CPU
		Release|Any CPU = Release|Any CPU
	EndGlobalSection
	GlobalSection(ProjectConfigurationPlatforms) = postSolution
		{79D73F01-01EB-42D8-965D-01722FB40EC7}.Debug|Any CPU.ActiveCfg = Debug|Any CPU
		{79D73F01-01EB-42D8-965D-01722FB40EC7}.Debug|Any CPU.Build.0 = Debug|Any CPU
		{79D73F01-01EB-42D8-965D-01722FB40EC7}.Release|Any CPU.ActiveCfg = Release|Any CPU
		{79D73F01-01EB-42D8-965D-01722FB40EC7}.Release|Any CPU.Build.0 = Release|Any CPU
		{2EADAEE0-BC75-43B5-AD66-7353542EE45B}.Debug|Any CPU.ActiveCfg = Debug|Any CPU
		{2EADAEE0-BC75-43B5-AD66-7353542EE45B}.Debug|Any CPU.Build.0 = Debug|Any CPU
		{2EADAEE0-BC75-43B5-AD66-7353542EE45B}.Release|Any CPU.ActiveCfg = Release|Any CPU
		{2EADAEE0-BC75-43B5-AD66-7353542EE45B}.Release|Any CPU.Build.0 = Release|Any CPU
		{DAE12C09-A3C0-4352-A677-5C61AA87AC2F}.Debug|Any CPU.ActiveCfg = Debug|Any CPU
		{DAE12C09-A3C0-4352-A677-5C61AA87AC2F}.Debug|Any CPU.Build.0 = Debug|Any CPU
		{DAE12C09-A3C0-4352-A677-5C61AA87AC2F}.Release|Any CPU.ActiveCfg = Release|Any CPU
		{DAE12C09-A3C0-4352-A677-5C61AA87AC2F}.Release|Any CPU.Build.0 = Release|Any CPU
		{2EB6293D-E5BE-493A-A0DD-AE6CD36DE06A}.Debug|Any CPU.ActiveCfg = Debug|Any CPU
		{2EB6293D-E5BE-493A-A0DD-AE6CD36DE06A}.Debug|Any CPU.Build.0 = Debug|Any CPU
		{2EB6293D-E5BE-493A-A0DD-AE6CD36DE06A}.Release|Any CPU.ActiveCfg = Release|Any CPU
		{2EB6293D-E5BE-493A-A0DD-AE6CD36DE06A}.Release|Any CPU.Build.0 = Release|Any CPU
		{C6F3469C-1E85-4040-B1E7-D1FAFA98F055}.Debug|Any CPU.ActiveCfg = Debug|Any CPU
		{C6F3469C-1E85-4040-B1E7-D1FAFA98F055}.Debug|Any CPU.Build.0 = Debug|Any CPU
		{C6F3469C-1E85-4040-B1E7-D1FAFA98F055}.Release|Any CPU.ActiveCfg = Release|Any CPU
		{C6F3469C-1E85-4040-B1E7-D1FAFA98F055}.Release|Any CPU.Build.0 = Release|Any CPU
		{93A019C9-C07B-4375-96F7-B067AEF7B5D3}.Debug|Any CPU.ActiveCfg = Debug|Any CPU
		{93A019C9-C07B-4375-96F7-B067AEF7B5D3}.Debug|Any CPU.Build.0 = Debug|Any CPU
		{93A019C9-C07B-4375-96F7-B067AEF7B5D3}.Release|Any CPU.ActiveCfg = Release|Any CPU
		{93A019C9-C07B-4375-96F7-B067AEF7B5D3}.Release|Any CPU.Build.0 = Release|Any CPU
		{EA7545D6-4C8A-44C1-A940-F2C19031432F}.Debug|Any CPU.ActiveCfg = Debug|Any CPU
		{EA7545D6-4C8A-44C1-A940-F2C19031432F}.Debug|Any CPU.Build.0 = Debug|Any CPU
		{EA7545D6-4C8A-44C1-A940-F2C19031432F}.Release|Any CPU.ActiveCfg = Release|Any CPU
		{EA7545D6-4C8A-44C1-A940-F2C19031432F}.Release|Any CPU.Build.0 = Release|Any CPU
		{1F5AA19E-9A79-43E1-A8DC-5B56E8775C44}.Debug|Any CPU.ActiveCfg = Debug|Any CPU
		{1F5AA19E-9A79-43E1-A8DC-5B56E8775C44}.Debug|Any CPU.Build.0 = Debug|Any CPU
		{1F5AA19E-9A79-43E1-A8DC-5B56E8775C44}.Release|Any CPU.ActiveCfg = Release|Any CPU
		{1F5AA19E-9A79-43E1-A8DC-5B56E8775C44}.Release|Any CPU.Build.0 = Release|Any CPU
		{6619DC07-0057-4038-86B0-ACED478C2094}.Debug|Any CPU.ActiveCfg = Debug|Any CPU
		{6619DC07-0057-4038-86B0-ACED478C2094}.Debug|Any CPU.Build.0 = Debug|Any CPU
		{6619DC07-0057-4038-86B0-ACED478C2094}.Release|Any CPU.ActiveCfg = Release|Any CPU
		{6619DC07-0057-4038-86B0-ACED478C2094}.Release|Any CPU.Build.0 = Release|Any CPU
		{9CDA402E-4F2E-4469-8FD4-02B69033F9EA}.Debug|Any CPU.ActiveCfg = Debug|Any CPU
		{9CDA402E-4F2E-4469-8FD4-02B69033F9EA}.Debug|Any CPU.Build.0 = Debug|Any CPU
		{9CDA402E-4F2E-4469-8FD4-02B69033F9EA}.Release|Any CPU.ActiveCfg = Release|Any CPU
		{9CDA402E-4F2E-4469-8FD4-02B69033F9EA}.Release|Any CPU.Build.0 = Release|Any CPU
		{9AF8E89A-0DD6-45ED-880E-C0975D9060C0}.Debug|Any CPU.ActiveCfg = Debug|Any CPU
		{9AF8E89A-0DD6-45ED-880E-C0975D9060C0}.Debug|Any CPU.Build.0 = Debug|Any CPU
		{9AF8E89A-0DD6-45ED-880E-C0975D9060C0}.Release|Any CPU.ActiveCfg = Release|Any CPU
		{9AF8E89A-0DD6-45ED-880E-C0975D9060C0}.Release|Any CPU.Build.0 = Release|Any CPU
		{9B04D67A-F039-41D7-ADB3-4C60F3BF965C}.Debug|Any CPU.ActiveCfg = Debug|Any CPU
		{9B04D67A-F039-41D7-ADB3-4C60F3BF965C}.Debug|Any CPU.Build.0 = Debug|Any CPU
		{9B04D67A-F039-41D7-ADB3-4C60F3BF965C}.Release|Any CPU.ActiveCfg = Release|Any CPU
		{9B04D67A-F039-41D7-ADB3-4C60F3BF965C}.Release|Any CPU.Build.0 = Release|Any CPU
		{28FE2A55-268A-4FC5-B652-E1693949D976}.Debug|Any CPU.ActiveCfg = Debug|Any CPU
		{28FE2A55-268A-4FC5-B652-E1693949D976}.Debug|Any CPU.Build.0 = Debug|Any CPU
		{28FE2A55-268A-4FC5-B652-E1693949D976}.Release|Any CPU.ActiveCfg = Release|Any CPU
		{28FE2A55-268A-4FC5-B652-E1693949D976}.Release|Any CPU.Build.0 = Release|Any CPU
		{904E4951-BF26-4FFB-B0AD-FC09B36E2D36}.Debug|Any CPU.ActiveCfg = Debug|Any CPU
		{904E4951-BF26-4FFB-B0AD-FC09B36E2D36}.Debug|Any CPU.Build.0 = Debug|Any CPU
		{904E4951-BF26-4FFB-B0AD-FC09B36E2D36}.Release|Any CPU.ActiveCfg = Release|Any CPU
		{904E4951-BF26-4FFB-B0AD-FC09B36E2D36}.Release|Any CPU.Build.0 = Release|Any CPU
		{0D0782C6-9D86-45AA-8F1B-0C4077A7AF63}.Debug|Any CPU.ActiveCfg = Debug|Any CPU
		{0D0782C6-9D86-45AA-8F1B-0C4077A7AF63}.Debug|Any CPU.Build.0 = Debug|Any CPU
		{0D0782C6-9D86-45AA-8F1B-0C4077A7AF63}.Release|Any CPU.ActiveCfg = Release|Any CPU
		{0D0782C6-9D86-45AA-8F1B-0C4077A7AF63}.Release|Any CPU.Build.0 = Release|Any CPU
	EndGlobalSection
	GlobalSection(SolutionProperties) = preSolution
		HideSolutionNode = FALSE
	EndGlobalSection
	GlobalSection(ExtensibilityGlobals) = postSolution
		SolutionGuid = {F8BD9C68-7620-458A-A19B-DCB01CEB927B}
	EndGlobalSection
EndGlobal
